
Microsoft Visual Studio Solution File, Format Version 12.00
# Visual Studio Version 16
VisualStudioVersion = 16.0.31313.79
MinimumVisualStudioVersion = 10.0.40219.1
Project("{FAE04EC0-301F-11D3-BF4B-00C04F79EFBC}") = "Scripter", "Scripter\Scripter.csproj", "{4AA15346-4743-440D-B724-0278B7F0B1D6}"
EndProject
Project("{FAE04EC0-301F-11D3-BF4B-00C04F79EFBC}") = "MixingConsole", "MixingConsole\MixingConsole.csproj", "{0E1B5C6D-A33F-4169-8BF7-E7A69AD2BC32}"
EndProject
Project("{FAE04EC0-301F-11D3-BF4B-00C04F79EFBC}") = "OSC", "OSC\OSC.csproj", "{5D4C96B6-6ECF-45C0-B9BB-B392D01DA045}"
EndProject
Project("{FAE04EC0-301F-11D3-BF4B-00C04F79EFBC}") = "BehringerX32", "X32\BehringerX32.csproj", "{12A87A18-A3ED-40E8-8F91-ADDF41A0B4C6}"
EndProject
Global
	GlobalSection(SolutionConfigurationPlatforms) = preSolution
		Debug|Any CPU = Debug|Any CPU
		Release|Any CPU = Release|Any CPU
	EndGlobalSection
	GlobalSection(ProjectConfigurationPlatforms) = postSolution
		{4AA15346-4743-440D-B724-0278B7F0B1D6}.Debug|Any CPU.ActiveCfg = Debug|Any CPU
		{4AA15346-4743-440D-B724-0278B7F0B1D6}.Debug|Any CPU.Build.0 = Debug|Any CPU
		{4AA15346-4743-440D-B724-0278B7F0B1D6}.Release|Any CPU.ActiveCfg = Release|Any CPU
		{4AA15346-4743-440D-B724-0278B7F0B1D6}.Release|Any CPU.Build.0 = Release|Any CPU
		{0E1B5C6D-A33F-4169-8BF7-E7A69AD2BC32}.Debug|Any CPU.ActiveCfg = Debug|Any CPU
		{0E1B5C6D-A33F-4169-8BF7-E7A69AD2BC32}.Debug|Any CPU.Build.0 = Debug|Any CPU
		{0E1B5C6D-A33F-4169-8BF7-E7A69AD2BC32}.Release|Any CPU.ActiveCfg = Release|Any CPU
		{0E1B5C6D-A33F-4169-8BF7-E7A69AD2BC32}.Release|Any CPU.Build.0 = Release|Any CPU
		{5D4C96B6-6ECF-45C0-B9BB-B392D01DA045}.Debug|Any CPU.ActiveCfg = Debug|Any CPU
		{5D4C96B6-6ECF-45C0-B9BB-B392D01DA045}.Debug|Any CPU.Build.0 = Debug|Any CPU
		{5D4C96B6-6ECF-45C0-B9BB-B392D01DA045}.Release|Any CPU.ActiveCfg = Release|Any CPU
		{5D4C96B6-6ECF-45C0-B9BB-B392D01DA045}.Release|Any CPU.Build.0 = Release|Any CPU
		{12A87A18-A3ED-40E8-8F91-ADDF41A0B4C6}.Debug|Any CPU.ActiveCfg = Debug|Any CPU
		{12A87A18-A3ED-40E8-8F91-ADDF41A0B4C6}.Debug|Any CPU.Build.0 = Debug|Any CPU
		{12A87A18-A3ED-40E8-8F91-ADDF41A0B4C6}.Release|Any CPU.ActiveCfg = Release|Any CPU
		{12A87A18-A3ED-40E8-8F91-ADDF41A0B4C6}.Release|Any CPU.Build.0 = Release|Any CPU
	EndGlobalSection
	GlobalSection(SolutionProperties) = preSolution
		HideSolutionNode = FALSE
	EndGlobalSection
	GlobalSection(ExtensibilityGlobals) = postSolution
		SolutionGuid = {F66E8AD4-5A61-4F82-93F0-1D9C090D11C7}
	EndGlobalSection
EndGlobal
